// !$*UTF8*$!
{
	archiveVersion = 1;
	classes = {
	};
	objectVersion = 56;
	objects = {

/* Begin PBXBuildFile section */
		1DDC77E52A129DEF00E47964 /* ActivityRingApp.swift in Sources */ = {isa = PBXBuildFile; fileRef = 1DDC77E42A129DEF00E47964 /* ActivityRingApp.swift */; };
		1DDC77E72A129DEF00E47964 /* ContentView.swift in Sources */ = {isa = PBXBuildFile; fileRef = 1DDC77E62A129DEF00E47964 /* ContentView.swift */; };
		1DDC77E92A129DEF00E47964 /* Assets.xcassets in Resources */ = {isa = PBXBuildFile; fileRef = 1DDC77E82A129DEF00E47964 /* Assets.xcassets */; };
		1DDC77EC2A129DEF00E47964 /* Preview Assets.xcassets in Resources */ = {isa = PBXBuildFile; fileRef = 1DDC77EB2A129DEF00E47964 /* Preview Assets.xcassets */; };
		1DDC77F62A129DF000E47964 /* ActivityRingTests.swift in Sources */ = {isa = PBXBuildFile; fileRef = 1DDC77F52A129DF000E47964 /* ActivityRingTests.swift */; };
		1DDC78002A129DF000E47964 /* ActivityRingUITests.swift in Sources */ = {isa = PBXBuildFile; fileRef = 1DDC77FF2A129DF000E47964 /* ActivityRingUITests.swift */; };
		1DDC78022A129DF000E47964 /* ActivityRingUITestsLaunchTests.swift in Sources */ = {isa = PBXBuildFile; fileRef = 1DDC78012A129DF000E47964 /* ActivityRingUITestsLaunchTests.swift */; };
/* End PBXBuildFile section */

/* Begin PBXContainerItemProxy section */
		1DDC77F22A129DF000E47964 /* PBXContainerItemProxy */ = {
			isa = PBXContainerItemProxy;
			containerPortal = 1DDC77D92A129DEE00E47964 /* Project object */;
			proxyType = 1;
			remoteGlobalIDString = 1DDC77E02A129DEF00E47964;
			remoteInfo = ActivityRing;
		};
		1DDC77FC2A129DF000E47964 /* PBXContainerItemProxy */ = {
			isa = PBXContainerItemProxy;
			containerPortal = 1DDC77D92A129DEE00E47964 /* Project object */;
			proxyType = 1;
			remoteGlobalIDString = 1DDC77E02A129DEF00E47964;
			remoteInfo = ActivityRing;
		};
/* End PBXContainerItemProxy section */

/* Begin PBXFileReference section */
		1DDC77E12A129DEF00E47964 /* ActivityRing.app */ = {isa = PBXFileReference; explicitFileType = wrapper.application; includeInIndex = 0; path = ActivityRing.app; sourceTree = BUILT_PRODUCTS_DIR; };
		1DDC77E42A129DEF00E47964 /* ActivityRingApp.swift */ = {isa = PBXFileReference; lastKnownFileType = sourcecode.swift; path = ActivityRingApp.swift; sourceTree = "<group>"; };
		1DDC77E62A129DEF00E47964 /* ContentView.swift */ = {isa = PBXFileReference; lastKnownFileType = sourcecode.swift; path = ContentView.swift; sourceTree = "<group>"; };
		1DDC77E82A129DEF00E47964 /* Assets.xcassets */ = {isa = PBXFileReference; lastKnownFileType = folder.assetcatalog; path = Assets.xcassets; sourceTree = "<group>"; };
		1DDC77EB2A129DEF00E47964 /* Preview Assets.xcassets */ = {isa = PBXFileReference; lastKnownFileType = folder.assetcatalog; path = "Preview Assets.xcassets"; sourceTree = "<group>"; };
		1DDC77F12A129DF000E47964 /* ActivityRingTests.xctest */ = {isa = PBXFileReference; explicitFileType = wrapper.cfbundle; includeInIndex = 0; path = ActivityRingTests.xctest; sourceTree = BUILT_PRODUCTS_DIR; };
		1DDC77F52A129DF000E47964 /* ActivityRingTests.swift */ = {isa = PBXFileReference; lastKnownFileType = sourcecode.swift; path = ActivityRingTests.swift; sourceTree = "<group>"; };
		1DDC77FB2A129DF000E47964 /* ActivityRingUITests.xctest */ = {isa = PBXFileReference; explicitFileType = wrapper.cfbundle; includeInIndex = 0; path = ActivityRingUITests.xctest; sourceTree = BUILT_PRODUCTS_DIR; };
		1DDC77FF2A129DF000E47964 /* ActivityRingUITests.swift */ = {isa = PBXFileReference; lastKnownFileType = sourcecode.swift; path = ActivityRingUITests.swift; sourceTree = "<group>"; };
		1DDC78012A129DF000E47964 /* ActivityRingUITestsLaunchTests.swift */ = {isa = PBXFileReference; lastKnownFileType = sourcecode.swift; path = ActivityRingUITestsLaunchTests.swift; sourceTree = "<group>"; };
/* End PBXFileReference section */

/* Begin PBXFrameworksBuildPhase section */
		1DDC77DE2A129DEF00E47964 /* Frameworks */ = {
			isa = PBXFrameworksBuildPhase;
			buildActionMask = 2147483647;
			files = (
			);
			runOnlyForDeploymentPostprocessing = 0;
		};
		1DDC77EE2A129DF000E47964 /* Frameworks */ = {
			isa = PBXFrameworksBuildPhase;
			buildActionMask = 2147483647;
			files = (
			);
			runOnlyForDeploymentPostprocessing = 0;
		};
		1DDC77F82A129DF000E47964 /* Frameworks */ = {
			isa = PBXFrameworksBuildPhase;
			buildActionMask = 2147483647;
			files = (
			);
			runOnlyForDeploymentPostprocessing = 0;
		};
/* End PBXFrameworksBuildPhase section */

/* Begin PBXGroup section */
		1DDC77D82A129DEE00E47964 = {
			isa = PBXGroup;
			children = (
				1DDC77E32A129DEF00E47964 /* ActivityRing */,
				1DDC77F42A129DF000E47964 /* ActivityRingTests */,
				1DDC77FE2A129DF000E47964 /* ActivityRingUITests */,
				1DDC77E22A129DEF00E47964 /* Products */,
			);
			sourceTree = "<group>";
		};
		1DDC77E22A129DEF00E47964 /* Products */ = {
			isa = PBXGroup;
			children = (
				1DDC77E12A129DEF00E47964 /* ActivityRing.app */,
				1DDC77F12A129DF000E47964 /* ActivityRingTests.xctest */,
				1DDC77FB2A129DF000E47964 /* ActivityRingUITests.xctest */,
			);
			name = Products;
			sourceTree = "<group>";
		};
		1DDC77E32A129DEF00E47964 /* ActivityRing */ = {
			isa = PBXGroup;
			children = (
				1DDC77E42A129DEF00E47964 /* ActivityRingApp.swift */,
				1DDC77E62A129DEF00E47964 /* ContentView.swift */,
				1DDC77E82A129DEF00E47964 /* Assets.xcassets */,
				1DDC77EA2A129DEF00E47964 /* Preview Content */,
			);
			path = ActivityRing;
			sourceTree = "<group>";
		};
		1DDC77EA2A129DEF00E47964 /* Preview Content */ = {
			isa = PBXGroup;
			children = (
				1DDC77EB2A129DEF00E47964 /* Preview Assets.xcassets */,
			);
			path = "Preview Content";
			sourceTree = "<group>";
		};
		1DDC77F42A129DF000E47964 /* ActivityRingTests */ = {
			isa = PBXGroup;
			children = (
				1DDC77F52A129DF000E47964 /* ActivityRingTests.swift */,
			);
			path = ActivityRingTests;
			sourceTree = "<group>";
		};
		1DDC77FE2A129DF000E47964 /* ActivityRingUITests */ = {
			isa = PBXGroup;
			children = (
				1DDC77FF2A129DF000E47964 /* ActivityRingUITests.swift */,
				1DDC78012A129DF000E47964 /* ActivityRingUITestsLaunchTests.swift */,
			);
			path = ActivityRingUITests;
			sourceTree = "<group>";
		};
/* End PBXGroup section */

/* Begin PBXNativeTarget section */
		1DDC77E02A129DEF00E47964 /* ActivityRing */ = {
			isa = PBXNativeTarget;
			buildConfigurationList = 1DDC78052A129DF000E47964 /* Build configuration list for PBXNativeTarget "ActivityRing" */;
			buildPhases = (
				1DDC77DD2A129DEF00E47964 /* Sources */,
				1DDC77DE2A129DEF00E47964 /* Frameworks */,
				1DDC77DF2A129DEF00E47964 /* Resources */,
			);
			buildRules = (
			);
			dependencies = (
			);
			name = ActivityRing;
			productName = ActivityRing;
			productReference = 1DDC77E12A129DEF00E47964 /* ActivityRing.app */;
			productType = "com.apple.product-type.application";
		};
		1DDC77F02A129DF000E47964 /* ActivityRingTests */ = {
			isa = PBXNativeTarget;
			buildConfigurationList = 1DDC78082A129DF000E47964 /* Build configuration list for PBXNativeTarget "ActivityRingTests" */;
			buildPhases = (
				1DDC77ED2A129DF000E47964 /* Sources */,
				1DDC77EE2A129DF000E47964 /* Frameworks */,
				1DDC77EF2A129DF000E47964 /* Resources */,
			);
			buildRules = (
			);
			dependencies = (
				1DDC77F32A129DF000E47964 /* PBXTargetDependency */,
			);
			name = ActivityRingTests;
			productName = ActivityRingTests;
			productReference = 1DDC77F12A129DF000E47964 /* ActivityRingTests.xctest */;
			productType = "com.apple.product-type.bundle.unit-test";
		};
		1DDC77FA2A129DF000E47964 /* ActivityRingUITests */ = {
			isa = PBXNativeTarget;
			buildConfigurationList = 1DDC780B2A129DF000E47964 /* Build configuration list for PBXNativeTarget "ActivityRingUITests" */;
			buildPhases = (
				1DDC77F72A129DF000E47964 /* Sources */,
				1DDC77F82A129DF000E47964 /* Frameworks */,
				1DDC77F92A129DF000E47964 /* Resources */,
			);
			buildRules = (
			);
			dependencies = (
				1DDC77FD2A129DF000E47964 /* PBXTargetDependency */,
			);
			name = ActivityRingUITests;
			productName = ActivityRingUITests;
			productReference = 1DDC77FB2A129DF000E47964 /* ActivityRingUITests.xctest */;
			productType = "com.apple.product-type.bundle.ui-testing";
		};
/* End PBXNativeTarget section */

/* Begin PBXProject section */
		1DDC77D92A129DEE00E47964 /* Project object */ = {
			isa = PBXProject;
			attributes = {
				BuildIndependentTargetsInParallel = 1;
				LastSwiftUpdateCheck = 1410;
				LastUpgradeCheck = 1410;
				TargetAttributes = {
					1DDC77E02A129DEF00E47964 = {
						CreatedOnToolsVersion = 14.1;
					};
					1DDC77F02A129DF000E47964 = {
						CreatedOnToolsVersion = 14.1;
						TestTargetID = 1DDC77E02A129DEF00E47964;
					};
					1DDC77FA2A129DF000E47964 = {
						CreatedOnToolsVersion = 14.1;
						TestTargetID = 1DDC77E02A129DEF00E47964;
					};
				};
			};
			buildConfigurationList = 1DDC77DC2A129DEE00E47964 /* Build configuration list for PBXProject "ActivityRing" */;
			compatibilityVersion = "Xcode 14.0";
			developmentRegion = en;
			hasScannedForEncodings = 0;
			knownRegions = (
				en,
				Base,
			);
			mainGroup = 1DDC77D82A129DEE00E47964;
			productRefGroup = 1DDC77E22A129DEF00E47964 /* Products */;
			projectDirPath = "";
			projectRoot = "";
			targets = (
				1DDC77E02A129DEF00E47964 /* ActivityRing */,
				1DDC77F02A129DF000E47964 /* ActivityRingTests */,
				1DDC77FA2A129DF000E47964 /* ActivityRingUITests */,
			);
		};
/* End PBXProject section */

/* Begin PBXResourcesBuildPhase section */
		1DDC77DF2A129DEF00E47964 /* Resources */ = {
			isa = PBXResourcesBuildPhase;
			buildActionMask = 2147483647;
			files = (
				1DDC77EC2A129DEF00E47964 /* Preview Assets.xcassets in Resources */,
				1DDC77E92A129DEF00E47964 /* Assets.xcassets in Resources */,
			);
			runOnlyForDeploymentPostprocessing = 0;
		};
		1DDC77EF2A129DF000E47964 /* Resources */ = {
			isa = PBXResourcesBuildPhase;
			buildActionMask = 2147483647;
			files = (
			);
			runOnlyForDeploymentPostprocessing = 0;
		};
		1DDC77F92A129DF000E47964 /* Resources */ = {
			isa = PBXResourcesBuildPhase;
			buildActionMask = 2147483647;
			files = (
			);
			runOnlyForDeploymentPostprocessing = 0;
		};
/* End PBXResourcesBuildPhase section */

/* Begin PBXSourcesBuildPhase section */
		1DDC77DD2A129DEF00E47964 /* Sources */ = {
			isa = PBXSourcesBuildPhase;
			buildActionMask = 2147483647;
			files = (
				1DDC77E72A129DEF00E47964 /* ContentView.swift in Sources */,
				1DDC77E52A129DEF00E47964 /* ActivityRingApp.swift in Sources */,
			);
			runOnlyForDeploymentPostprocessing = 0;
		};
		1DDC77ED2A129DF000E47964 /* Sources */ = {
			isa = PBXSourcesBuildPhase;
			buildActionMask = 2147483647;
			files = (
				1DDC77F62A129DF000E47964 /* ActivityRingTests.swift in Sources */,
			);
			runOnlyForDeploymentPostprocessing = 0;
		};
		1DDC77F72A129DF000E47964 /* Sources */ = {
			isa = PBXSourcesBuildPhase;
			buildActionMask = 2147483647;
			files = (
				1DDC78002A129DF000E47964 /* ActivityRingUITests.swift in Sources */,
				1DDC78022A129DF000E47964 /* ActivityRingUITestsLaunchTests.swift in Sources */,
			);
			runOnlyForDeploymentPostprocessing = 0;
		};
/* End PBXSourcesBuildPhase section */

/* Begin PBXTargetDependency section */
		1DDC77F32A129DF000E47964 /* PBXTargetDependency */ = {
			isa = PBXTargetDependency;
			target = 1DDC77E02A129DEF00E47964 /* ActivityRing */;
			targetProxy = 1DDC77F22A129DF000E47964 /* PBXContainerItemProxy */;
		};
		1DDC77FD2A129DF000E47964 /* PBXTargetDependency */ = {
			isa = PBXTargetDependency;
			target = 1DDC77E02A129DEF00E47964 /* ActivityRing */;
			targetProxy = 1DDC77FC2A129DF000E47964 /* PBXContainerItemProxy */;
		};
/* End PBXTargetDependency section */

/* Begin XCBuildConfiguration section */
		1DDC78032A129DF000E47964 /* Debug */ = {
			isa = XCBuildConfiguration;
			buildSettings = {
				ALWAYS_SEARCH_USER_PATHS = NO;
				CLANG_ANALYZER_NONNULL = YES;
				CLANG_ANALYZER_NUMBER_OBJECT_CONVERSION = YES_AGGRESSIVE;
				CLANG_CXX_LANGUAGE_STANDARD = "gnu++20";
				CLANG_ENABLE_MODULES = YES;
				CLANG_ENABLE_OBJC_ARC = YES;
				CLANG_ENABLE_OBJC_WEAK = YES;
				CLANG_WARN_BLOCK_CAPTURE_AUTORELEASING = YES;
				CLANG_WARN_BOOL_CONVERSION = YES;
				CLANG_WARN_COMMA = YES;
				CLANG_WARN_CONSTANT_CONVERSION = YES;
				CLANG_WARN_DEPRECATED_OBJC_IMPLEMENTATIONS = YES;
				CLANG_WARN_DIRECT_OBJC_ISA_USAGE = YES_ERROR;
				CLANG_WARN_DOCUMENTATION_COMMENTS = YES;
				CLANG_WARN_EMPTY_BODY = YES;
				CLANG_WARN_ENUM_CONVERSION = YES;
				CLANG_WARN_INFINITE_RECURSION = YES;
				CLANG_WARN_INT_CONVERSION = YES;
				CLANG_WARN_NON_LITERAL_NULL_CONVERSION = YES;
				CLANG_WARN_OBJC_IMPLICIT_RETAIN_SELF = YES;
				CLANG_WARN_OBJC_LITERAL_CONVERSION = YES;
				CLANG_WARN_OBJC_ROOT_CLASS = YES_ERROR;
				CLANG_WARN_QUOTED_INCLUDE_IN_FRAMEWORK_HEADER = YES;
				CLANG_WARN_RANGE_LOOP_ANALYSIS = YES;
				CLANG_WARN_STRICT_PROTOTYPES = YES;
				CLANG_WARN_SUSPICIOUS_MOVE = YES;
				CLANG_WARN_UNGUARDED_AVAILABILITY = YES_AGGRESSIVE;
				CLANG_WARN_UNREACHABLE_CODE = YES;
				CLANG_WARN__DUPLICATE_METHOD_MATCH = YES;
				COPY_PHASE_STRIP = NO;
				DEBUG_INFORMATION_FORMAT = dwarf;
				ENABLE_STRICT_OBJC_MSGSEND = YES;
				ENABLE_TESTABILITY = YES;
				GCC_C_LANGUAGE_STANDARD = gnu11;
				GCC_DYNAMIC_NO_PIC = NO;
				GCC_NO_COMMON_BLOCKS = YES;
				GCC_OPTIMIZATION_LEVEL = 0;
				GCC_PREPROCESSOR_DEFINITIONS = (
					"DEBUG=1",
					"$(inherited)",
				);
				GCC_WARN_64_TO_32_BIT_CONVERSION = YES;
				GCC_WARN_ABOUT_RETURN_TYPE = YES_ERROR;
				GCC_WARN_UNDECLARED_SELECTOR = YES;
				GCC_WARN_UNINITIALIZED_AUTOS = YES_AGGRESSIVE;
				GCC_WARN_UNUSED_FUNCTION = YES;
				GCC_WARN_UNUSED_VARIABLE = YES;
				IPHONEOS_DEPLOYMENT_TARGET = 16.1;
				MTL_ENABLE_DEBUG_INFO = INCLUDE_SOURCE;
				MTL_FAST_MATH = YES;
				ONLY_ACTIVE_ARCH = YES;
				SDKROOT = iphoneos;
				SWIFT_ACTIVE_COMPILATION_CONDITIONS = DEBUG;
				SWIFT_OPTIMIZATION_LEVEL = "-Onone";
			};
			name = Debug;
		};
		1DDC78042A129DF000E47964 /* Release */ = {
			isa = XCBuildConfiguration;
			buildSettings = {
				ALWAYS_SEARCH_USER_PATHS = NO;
				CLANG_ANALYZER_NONNULL = YES;
				CLANG_ANALYZER_NUMBER_OBJECT_CONVERSION = YES_AGGRESSIVE;
				CLANG_CXX_LANGUAGE_STANDARD = "gnu++20";
				CLANG_ENABLE_MODULES = YES;
				CLANG_ENABLE_OBJC_ARC = YES;
				CLANG_ENABLE_OBJC_WEAK = YES;
				CLANG_WARN_BLOCK_CAPTURE_AUTORELEASING = YES;
				CLANG_WARN_BOOL_CONVERSION = YES;
				CLANG_WARN_COMMA = YES;
				CLANG_WARN_CONSTANT_CONVERSION = YES;
				CLANG_WARN_DEPRECATED_OBJC_IMPLEMENTATIONS = YES;
				CLANG_WARN_DIRECT_OBJC_ISA_USAGE = YES_ERROR;
				CLANG_WARN_DOCUMENTATION_COMMENTS = YES;
				CLANG_WARN_EMPTY_BODY = YES;
				CLANG_WARN_ENUM_CONVERSION = YES;
				CLANG_WARN_INFINITE_RECURSION = YES;
				CLANG_WARN_INT_CONVERSION = YES;
				CLANG_WARN_NON_LITERAL_NULL_CONVERSION = YES;
				CLANG_WARN_OBJC_IMPLICIT_RETAIN_SELF = YES;
				CLANG_WARN_OBJC_LITERAL_CONVERSION = YES;
				CLANG_WARN_OBJC_ROOT_CLASS = YES_ERROR;
				CLANG_WARN_QUOTED_INCLUDE_IN_FRAMEWORK_HEADER = YES;
				CLANG_WARN_RANGE_LOOP_ANALYSIS = YES;
				CLANG_WARN_STRICT_PROTOTYPES = YES;
				CLANG_WARN_SUSPICIOUS_MOVE = YES;
				CLANG_WARN_UNGUARDED_AVAILABILITY = YES_AGGRESSIVE;
				CLANG_WARN_UNREACHABLE_CODE = YES;
				CLANG_WARN__DUPLICATE_METHOD_MATCH = YES;
				COPY_PHASE_STRIP = NO;
				DEBUG_INFORMATION_FORMAT = "dwarf-with-dsym";
				ENABLE_NS_ASSERTIONS = NO;
				ENABLE_STRICT_OBJC_MSGSEND = YES;
				GCC_C_LANGUAGE_STANDARD = gnu11;
				GCC_NO_COMMON_BLOCKS = YES;
				GCC_WARN_64_TO_32_BIT_CONVERSION = YES;
				GCC_WARN_ABOUT_RETURN_TYPE = YES_ERROR;
				GCC_WARN_UNDECLARED_SELECTOR = YES;
				GCC_WARN_UNINITIALIZED_AUTOS = YES_AGGRESSIVE;
				GCC_WARN_UNUSED_FUNCTION = YES;
				GCC_WARN_UNUSED_VARIABLE = YES;
				IPHONEOS_DEPLOYMENT_TARGET = 16.1;
				MTL_ENABLE_DEBUG_INFO = NO;
				MTL_FAST_MATH = YES;
				SDKROOT = iphoneos;
				SWIFT_COMPILATION_MODE = wholemodule;
				SWIFT_OPTIMIZATION_LEVEL = "-O";
				VALIDATE_PRODUCT = YES;
			};
			name = Release;
		};
		1DDC78062A129DF000E47964 /* Debug */ = {
			isa = XCBuildConfiguration;
			buildSettings = {
				ASSETCATALOG_COMPILER_APPICON_NAME = AppIcon;
				ASSETCATALOG_COMPILER_GLOBAL_ACCENT_COLOR_NAME = AccentColor;
				CODE_SIGN_STYLE = Automatic;
				CURRENT_PROJECT_VERSION = 1;
				DEVELOPMENT_ASSET_PATHS = "\"ActivityRing/Preview Content\"";
				ENABLE_PREVIEWS = YES;
				GENERATE_INFOPLIST_FILE = YES;
				INFOPLIST_KEY_UIApplicationSceneManifest_Generation = YES;
				INFOPLIST_KEY_UIApplicationSupportsIndirectInputEvents = YES;
				INFOPLIST_KEY_UILaunchScreen_Generation = YES;
				INFOPLIST_KEY_UISupportedInterfaceOrientations_iPad = "UIInterfaceOrientationPortrait UIInterfaceOrientationPortraitUpsideDown UIInterfaceOrientationLandscapeLeft UIInterfaceOrientationLandscapeRight";
				INFOPLIST_KEY_UISupportedInterfaceOrientations_iPhone = "UIInterfaceOrientationPortrait UIInterfaceOrientationLandscapeLeft UIInterfaceOrientationLandscapeRight";
				LD_RUNPATH_SEARCH_PATHS = (
					"$(inherited)",
					"@executable_path/Frameworks",
				);
				MARKETING_VERSION = 1.0;
				PRODUCT_BUNDLE_IDENTIFIER = com.siddharth..ActivityRing;
				PRODUCT_NAME = "$(TARGET_NAME)";
				SWIFT_EMIT_LOC_STRINGS = YES;
				SWIFT_VERSION = 5.0;
				TARGETED_DEVICE_FAMILY = "1,2";
			};
			name = Debug;
		};
		1DDC78072A129DF000E47964 /* Release */ = {
			isa = XCBuildConfiguration;
			buildSettings = {
				ASSETCATALOG_COMPILER_APPICON_NAME = AppIcon;
				ASSETCATALOG_COMPILER_GLOBAL_ACCENT_COLOR_NAME = AccentColor;
				CODE_SIGN_STYLE = Automatic;
				CURRENT_PROJECT_VERSION = 1;
				DEVELOPMENT_ASSET_PATHS = "\"ActivityRing/Preview Content\"";
				ENABLE_PREVIEWS = YES;
				GENERATE_INFOPLIST_FILE = YES;
				INFOPLIST_KEY_UIApplicationSceneManifest_Generation = YES;
				INFOPLIST_KEY_UIApplicationSupportsIndirectInputEvents = YES;
				INFOPLIST_KEY_UILaunchScreen_Generation = YES;
				INFOPLIST_KEY_UISupportedInterfaceOrientations_iPad = "UIInterfaceOrientationPortrait UIInterfaceOrientationPortraitUpsideDown UIInterfaceOrientationLandscapeLeft UIInterfaceOrientationLandscapeRight";
				INFOPLIST_KEY_UISupportedInterfaceOrientations_iPhone = "UIInterfaceOrientationPortrait UIInterfaceOrientationLandscapeLeft UIInterfaceOrientationLandscapeRight";
				LD_RUNPATH_SEARCH_PATHS = (
					"$(inherited)",
					"@executable_path/Frameworks",
				);
				MARKETING_VERSION = 1.0;
				PRODUCT_BUNDLE_IDENTIFIER = com.siddharth..ActivityRing;
				PRODUCT_NAME = "$(TARGET_NAME)";
				SWIFT_EMIT_LOC_STRINGS = YES;
				SWIFT_VERSION = 5.0;
				TARGETED_DEVICE_FAMILY = "1,2";
			};
			name = Release;
		};
		1DDC78092A129DF000E47964 /* Debug */ = {
			isa = XCBuildConfiguration;
			buildSettings = {
				ALWAYS_EMBED_SWIFT_STANDARD_LIBRARIES = YES;
				BUNDLE_LOADER = "$(TEST_HOST)";
				CODE_SIGN_STYLE = Automatic;
				CURRENT_PROJECT_VERSION = 1;
				GENERATE_INFOPLIST_FILE = YES;
				IPHONEOS_DEPLOYMENT_TARGET = 16.1;
				MARKETING_VERSION = 1.0;
				PRODUCT_BUNDLE_IDENTIFIER = com.siddharth..ActivityRingTests;
				PRODUCT_NAME = "$(TARGET_NAME)";
				SWIFT_EMIT_LOC_STRINGS = NO;
				SWIFT_VERSION = 5.0;
				TARGETED_DEVICE_FAMILY = "1,2";
				TEST_HOST = "$(BUILT_PRODUCTS_DIR)/ActivityRing.app/$(BUNDLE_EXECUTABLE_FOLDER_PATH)/ActivityRing";
			};
			name = Debug;
		};
		1DDC780A2A129DF000E47964 /* Release */ = {
			isa = XCBuildConfiguration;
			buildSettings = {
				ALWAYS_EMBED_SWIFT_STANDARD_LIBRARIES = YES;
				BUNDLE_LOADER = "$(TEST_HOST)";
				CODE_SIGN_STYLE = Automatic;
				CURRENT_PROJECT_VERSION = 1;
				GENERATE_INFOPLIST_FILE = YES;
				IPHONEOS_DEPLOYMENT_TARGET = 16.1;
				MARKETING_VERSION = 1.0;
				PRODUCT_BUNDLE_IDENTIFIER = com.siddharth..ActivityRingTests;
				PRODUCT_NAME = "$(TARGET_NAME)";
				SWIFT_EMIT_LOC_STRINGS = NO;
				SWIFT_VERSION = 5.0;
				TARGETED_DEVICE_FAMILY = "1,2";
				TEST_HOST = "$(BUILT_PRODUCTS_DIR)/ActivityRing.app/$(BUNDLE_EXECUTABLE_FOLDER_PATH)/ActivityRing";
			};
			name = Release;
		};
		1DDC780C2A129DF000E47964 /* Debug */ = {
			isa = XCBuildConfiguration;
			buildSettings = {
				ALWAYS_EMBED_SWIFT_STANDARD_LIBRARIES = YES;
				CODE_SIGN_STYLE = Automatic;
				CURRENT_PROJECT_VERSION = 1;
				GENERATE_INFOPLIST_FILE = YES;
				MARKETING_VERSION = 1.0;
				PRODUCT_BUNDLE_IDENTIFIER = com.siddharth..ActivityRingUITests;
				PRODUCT_NAME = "$(TARGET_NAME)";
				SWIFT_EMIT_LOC_STRINGS = NO;
				SWIFT_VERSION = 5.0;
				TARGETED_DEVICE_FAMILY = "1,2";
				TEST_TARGET_NAME = ActivityRing;
			};
			name = Debug;
		};
		1DDC780D2A129DF000E47964 /* Release */ = {
			isa = XCBuildConfiguration;
			buildSettings = {
				ALWAYS_EMBED_SWIFT_STANDARD_LIBRARIES = YES;
				CODE_SIGN_STYLE = Automatic;
				CURRENT_PROJECT_VERSION = 1;
				GENERATE_INFOPLIST_FILE = YES;
				MARKETING_VERSION = 1.0;
				PRODUCT_BUNDLE_IDENTIFIER = com.siddharth..ActivityRingUITests;
				PRODUCT_NAME = "$(TARGET_NAME)";
				SWIFT_EMIT_LOC_STRINGS = NO;
				SWIFT_VERSION = 5.0;
				TARGETED_DEVICE_FAMILY = "1,2";
				TEST_TARGET_NAME = ActivityRing;
			};
			name = Release;
		};
/* End XCBuildConfiguration section */

/* Begin XCConfigurationList section */
		1DDC77DC2A129DEE00E47964 /* Build configuration list for PBXProject "ActivityRing" */ = {
			isa = XCConfigurationList;
			buildConfigurations = (
				1DDC78032A129DF000E47964 /* Debug */,
				1DDC78042A129DF000E47964 /* Release */,
			);
			defaultConfigurationIsVisible = 0;
			defaultConfigurationName = Release;
		};
		1DDC78052A129DF000E47964 /* Build configuration list for PBXNativeTarget "ActivityRing" */ = {
			isa = XCConfigurationList;
			buildConfigurations = (
				1DDC78062A129DF000E47964 /* Debug */,
				1DDC78072A129DF000E47964 /* Release */,
			);
			defaultConfigurationIsVisible = 0;
			defaultConfigurationName = Release;
		};
		1DDC78082A129DF000E47964 /* Build configuration list for PBXNativeTarget "ActivityRingTests" */ = {
			isa = XCConfigurationList;
			buildConfigurations = (
				1DDC78092A129DF000E47964 /* Debug */,
				1DDC780A2A129DF000E47964 /* Release */,
			);
			defaultConfigurationIsVisible = 0;
			defaultConfigurationName = Release;
		};
		1DDC780B2A129DF000E47964 /* Build configuration list for PBXNativeTarget "ActivityRingUITests" */ = {
			isa = XCConfigurationList;
			buildConfigurations = (
				1DDC780C2A129DF000E47964 /* Debug */,
				1DDC780D2A129DF000E47964 /* Release */,
			);
			defaultConfigurationIsVisible = 0;
			defaultConfigurationName = Release;
		};
/* End XCConfigurationList section */
	};
	rootObject = 1DDC77D92A129DEE00E47964 /* Project object */;
}
